Microsoft Visual Studio Solution File, Format Version 12.00
# Visual Studio Version 17
VisualStudioVersion = 17.5.2.0
MinimumVisualStudioVersion = 10.0.40219.1
Project("{FAE04EC0-301F-11D3-BF4B-00C04F79EFBC}") = "PortofolioApi", "PortofolioApi.csproj", "{23F465B5-B7BE-7E90-E32A-F092E3527599}"
EndProject
Global
	GlobalSection(SolutionConfigurationPlatforms) = preSolution
		Debug|Any CPU = Debug|Any CPU
		Release|Any CPU = Release|Any CPU
	EndGlobalSection
	GlobalSection(ProjectConfigurationPlatforms) = postSolution
		{23F465B5-B7BE-7E90-E32A-F092E3527599}.Debug|Any CPU.ActiveCfg = Debug|Any CPU
		{23F465B5-B7BE-7E90-E32A-F092E3527599}.Debug|Any CPU.Build.0 = Debug|Any CPU
		{23F465B5-B7BE-7E90-E32A-F092E3527599}.Release|Any CPU.ActiveCfg = Release|Any CPU
		{23F465B5-B7BE-7E90-E32A-F092E3527599}.Release|Any CPU.Build.0 = Release|Any CPU
	EndGlobalSection
	GlobalSection(SolutionProperties) = preSolution
		HideSolutionNode = FALSE
	EndGlobalSection
	GlobalSection(ExtensibilityGlobals) = postSolution
		SolutionGuid = {5B29B048-CD20-45EA-A4A3-C3F8C338C20F}
	EndGlobalSection
EndGlobal
